
Microsoft Visual Studio Solution File, Format Version 12.00
# Visual Studio Version 17
VisualStudioVersion = 17.7.34031.279
MinimumVisualStudioVersion = 10.0.40219.1
Project("{FAE04EC0-301F-11D3-BF4B-00C04F79EFBC}") = "kevin.semprini.4i.Stampante", "kevin.semprini.4i.Stampante.csproj", "{7A7DB711-1BA7-4DEB-BEF1-FF348F1BA6EA}"
EndProject
Global
	GlobalSection(SolutionConfigurationPlatforms) = preSolution
		Debug|Any CPU = Debug|Any CPU
		Release|Any CPU = Release|Any CPU
	EndGlobalSection
	GlobalSection(ProjectConfigurationPlatforms) = postSolution
		{7A7DB711-1BA7-4DEB-BEF1-FF348F1BA6EA}.Debug|Any CPU.ActiveCfg = Debug|Any CPU
		{7A7DB711-1BA7-4DEB-BEF1-FF348F1BA6EA}.Debug|Any CPU.Build.0 = Debug|Any CPU
		{7A7DB711-1BA7-4DEB-BEF1-FF348F1BA6EA}.Release|Any CPU.ActiveCfg = Release|Any CPU
		{7A7DB711-1BA7-4DEB-BEF1-FF348F1BA6EA}.Release|Any CPU.Build.0 = Release|Any CPU
	EndGlobalSection
	GlobalSection(SolutionProperties) = preSolution
		HideSolutionNode = FALSE
	EndGlobalSection
	GlobalSection(ExtensibilityGlobals) = postSolution
		SolutionGuid = {E090A991-2AA2-4618-8FED-04C422EC5419}
	EndGlobalSection
EndGlobal
